
Microsoft Visual Studio Solution File, Format Version 12.00
# Visual Studio Version 16
VisualStudioVersion = 16.0.30413.136
MinimumVisualStudioVersion = 10.0.40219.1
Project("{9A19103F-16F7-4668-BE54-9A1E7A4F7556}") = "Homemade", "Homemade.csproj", "{15EB3E87-67EB-4A5E-A16B-96F914B7BD35}"
EndProject
Project("{FAE04EC0-301F-11D3-BF4B-00C04F79EFBC}") = "HomemadeTest", "..\HomemadeTest\HomemadeTest.csproj", "{13011D71-E63C-489D-91F2-78A9981744CB}"
EndProject
Project("{2150E333-8FDC-42A3-9474-1A3956D46DE8}") = "Solution Items", "Solution Items", "{ECC24A70-C35C-4C0E-9CD1-99DEFC2A3755}"
	ProjectSection(SolutionItems) = preProject
		.editorconfig = .editorconfig
	EndProjectSection
EndProject
Project("{FAE04EC0-301F-11D3-BF4B-00C04F79EFBC}") = "HomemadeTest_3", "..\HomemadeTest_3\HomemadeTest_3.csproj", "{49134CC1-00D5-4024-8720-1AF8543272AC}"
EndProject
Global
	GlobalSection(SolutionConfigurationPlatforms) = preSolution
		Debug|Any CPU = Debug|Any CPU
		Release|Any CPU = Release|Any CPU
	EndGlobalSection
	GlobalSection(ProjectConfigurationPlatforms) = postSolution
		{15EB3E87-67EB-4A5E-A16B-96F914B7BD35}.Debug|Any CPU.ActiveCfg = Debug|Any CPU
		{15EB3E87-67EB-4A5E-A16B-96F914B7BD35}.Debug|Any CPU.Build.0 = Debug|Any CPU
		{15EB3E87-67EB-4A5E-A16B-96F914B7BD35}.Release|Any CPU.ActiveCfg = Release|Any CPU
		{15EB3E87-67EB-4A5E-A16B-96F914B7BD35}.Release|Any CPU.Build.0 = Release|Any CPU
		{13011D71-E63C-489D-91F2-78A9981744CB}.Debug|Any CPU.ActiveCfg = Debug|Any CPU
		{13011D71-E63C-489D-91F2-78A9981744CB}.Debug|Any CPU.Build.0 = Debug|Any CPU
		{13011D71-E63C-489D-91F2-78A9981744CB}.Release|Any CPU.ActiveCfg = Release|Any CPU
		{13011D71-E63C-489D-91F2-78A9981744CB}.Release|Any CPU.Build.0 = Release|Any CPU
		{49134CC1-00D5-4024-8720-1AF8543272AC}.Debug|Any CPU.ActiveCfg = Debug|Any CPU
		{49134CC1-00D5-4024-8720-1AF8543272AC}.Debug|Any CPU.Build.0 = Debug|Any CPU
		{49134CC1-00D5-4024-8720-1AF8543272AC}.Release|Any CPU.ActiveCfg = Release|Any CPU
		{49134CC1-00D5-4024-8720-1AF8543272AC}.Release|Any CPU.Build.0 = Release|Any CPU
	EndGlobalSection
	GlobalSection(SolutionProperties) = preSolution
		HideSolutionNode = FALSE
	EndGlobalSection
	GlobalSection(ExtensibilityGlobals) = postSolution
		SolutionGuid = {7813EE38-864F-4994-82CF-DBD71CE9207B}
	EndGlobalSection
EndGlobal
